
Microsoft Visual Studio Solution File, Format Version 12.00
# Visual Studio Version 17
VisualStudioVersion = 17.8.34330.188
MinimumVisualStudioVersion = 10.0.40219.1
Project("{FAE04EC0-301F-11D3-BF4B-00C04F79EFBC}") = "WebApi2", "WebApi2\WebApi2.csproj", "{E97DBD0C-2D9B-48FF-B5E3-6005F7D32922}"
EndProject
Global
	GlobalSection(SolutionConfigurationPlatforms) = preSolution
		Debug|Any CPU = Debug|Any CPU
		Release|Any CPU = Release|Any CPU
	EndGlobalSection
	GlobalSection(ProjectConfigurationPlatforms) = postSolution
		{E97DBD0C-2D9B-48FF-B5E3-6005F7D32922}.Debug|Any CPU.ActiveCfg = Debug|Any CPU
		{E97DBD0C-2D9B-48FF-B5E3-6005F7D32922}.Debug|Any CPU.Build.0 = Debug|Any CPU
		{E97DBD0C-2D9B-48FF-B5E3-6005F7D32922}.Release|Any CPU.ActiveCfg = Release|Any CPU
		{E97DBD0C-2D9B-48FF-B5E3-6005F7D32922}.Release|Any CPU.Build.0 = Release|Any CPU
	EndGlobalSection
	GlobalSection(SolutionProperties) = preSolution
		HideSolutionNode = FALSE
	EndGlobalSection
	GlobalSection(ExtensibilityGlobals) = postSolution
		SolutionGuid = {1CD3D7D3-A06A-4868-AB30-7DCDC507B404}
	EndGlobalSection
EndGlobal
